
Microsoft Visual Studio Solution File, Format Version 12.00
# Visual Studio 15
VisualStudioVersion = 15.0.26124.0
MinimumVisualStudioVersion = 15.0.26124.0
Project("{FAE04EC0-301F-11D3-BF4B-00C04F79EFBC}") = "TreeSitter", "TreeSitter\TreeSitter.csproj", "{DE78FE47-0AE0-49EE-B9EA-CAC2D2748975}"
EndProject
Project("{FAE04EC0-301F-11D3-BF4B-00C04F79EFBC}") = "TreeSitter.Test", "TreeSitter.Test\TreeSitter.Test.csproj", "{8178AE46-7358-4F8A-A37F-99FD8710531E}"
EndProject
Project("{FAE04EC0-301F-11D3-BF4B-00C04F79EFBC}") = "TreeSitter.CSharp", "TreeSitter.CSharp\TreeSitter.CSharp.csproj", "{33B13F46-9BDA-4C84-833A-0DC583F5BDF0}"
EndProject
Project("{FAE04EC0-301F-11D3-BF4B-00C04F79EFBC}") = "TreeSitter.Python", "TreeSitter.Python\TreeSitter.Python.csproj", "{25CB5877-D579-4320-B74D-7EEAE2F56099}"
EndProject
Project("{FAE04EC0-301F-11D3-BF4B-00C04F79EFBC}") = "TreeSitter.JavaScript", "TreeSitter.JavaScript\TreeSitter.JavaScript.csproj", "{697CF790-D6A8-4D84-B64E-B0628E68BFA8}"
EndProject
Project("{FAE04EC0-301F-11D3-BF4B-00C04F79EFBC}") = "TreeSitter.TypeScript", "TreeSitter.TypeScript\TreeSitter.TypeScript.csproj", "{FB1C1197-1C79-42F3-8F8A-BD42B408151C}"
EndProject
Project("{FAE04EC0-301F-11D3-BF4B-00C04F79EFBC}") = "TreeSitter.Java", "TreeSitter.Java\TreeSitter.Java.csproj", "{BE36A3AD-83AC-4F57-9866-48BF2038F513}"
EndProject
Project("{FAE04EC0-301F-11D3-BF4B-00C04F79EFBC}") = "TreeSitter.Html", "TreeSitter.Html\TreeSitter.Html.csproj", "{F4C69521-46DF-4440-848E-7326B8DC402F}"
EndProject
Project("{FAE04EC0-301F-11D3-BF4B-00C04F79EFBC}") = "TreeSitter.Css", "TreeSitter.Css\TreeSitter.Css.csproj", "{1BE0BF64-F91B-4FFD-AEDF-6101AF1EA7D6}"
EndProject
Global
	GlobalSection(SolutionConfigurationPlatforms) = preSolution
		Debug|Any CPU = Debug|Any CPU
		Debug|x64 = Debug|x64
		Debug|x86 = Debug|x86
		Release|Any CPU = Release|Any CPU
		Release|x64 = Release|x64
		Release|x86 = Release|x86
	EndGlobalSection
	GlobalSection(SolutionProperties) = preSolution
		HideSolutionNode = FALSE
	EndGlobalSection
	GlobalSection(ProjectConfigurationPlatforms) = postSolution
		{DE78FE47-0AE0-49EE-B9EA-CAC2D2748975}.Debug|Any CPU.ActiveCfg = Debug|Any CPU
		{DE78FE47-0AE0-49EE-B9EA-CAC2D2748975}.Debug|Any CPU.Build.0 = Debug|Any CPU
		{DE78FE47-0AE0-49EE-B9EA-CAC2D2748975}.Debug|x64.ActiveCfg = Debug|Any CPU
		{DE78FE47-0AE0-49EE-B9EA-CAC2D2748975}.Debug|x64.Build.0 = Debug|Any CPU
		{DE78FE47-0AE0-49EE-B9EA-CAC2D2748975}.Debug|x86.ActiveCfg = Debug|Any CPU
		{DE78FE47-0AE0-49EE-B9EA-CAC2D2748975}.Debug|x86.Build.0 = Debug|Any CPU
		{DE78FE47-0AE0-49EE-B9EA-CAC2D2748975}.Release|Any CPU.ActiveCfg = Release|Any CPU
		{DE78FE47-0AE0-49EE-B9EA-CAC2D2748975}.Release|Any CPU.Build.0 = Release|Any CPU
		{DE78FE47-0AE0-49EE-B9EA-CAC2D2748975}.Release|x64.ActiveCfg = Release|Any CPU
		{DE78FE47-0AE0-49EE-B9EA-CAC2D2748975}.Release|x64.Build.0 = Release|Any CPU
		{DE78FE47-0AE0-49EE-B9EA-CAC2D2748975}.Release|x86.ActiveCfg = Release|Any CPU
		{DE78FE47-0AE0-49EE-B9EA-CAC2D2748975}.Release|x86.Build.0 = Release|Any CPU
		{8178AE46-7358-4F8A-A37F-99FD8710531E}.Debug|Any CPU.ActiveCfg = Debug|Any CPU
		{8178AE46-7358-4F8A-A37F-99FD8710531E}.Debug|Any CPU.Build.0 = Debug|Any CPU
		{8178AE46-7358-4F8A-A37F-99FD8710531E}.Debug|x64.ActiveCfg = Debug|Any CPU
		{8178AE46-7358-4F8A-A37F-99FD8710531E}.Debug|x64.Build.0 = Debug|Any CPU
		{8178AE46-7358-4F8A-A37F-99FD8710531E}.Debug|x86.ActiveCfg = Debug|Any CPU
		{8178AE46-7358-4F8A-A37F-99FD8710531E}.Debug|x86.Build.0 = Debug|Any CPU
		{8178AE46-7358-4F8A-A37F-99FD8710531E}.Release|Any CPU.ActiveCfg = Release|Any CPU
		{8178AE46-7358-4F8A-A37F-99FD8710531E}.Release|Any CPU.Build.0 = Release|Any CPU
		{8178AE46-7358-4F8A-A37F-99FD8710531E}.Release|x64.ActiveCfg = Release|Any CPU
		{8178AE46-7358-4F8A-A37F-99FD8710531E}.Release|x64.Build.0 = Release|Any CPU
		{8178AE46-7358-4F8A-A37F-99FD8710531E}.Release|x86.ActiveCfg = Release|Any CPU
		{8178AE46-7358-4F8A-A37F-99FD8710531E}.Release|x86.Build.0 = Release|Any CPU
		{33B13F46-9BDA-4C84-833A-0DC583F5BDF0}.Debug|Any CPU.ActiveCfg = Debug|Any CPU
		{33B13F46-9BDA-4C84-833A-0DC583F5BDF0}.Debug|Any CPU.Build.0 = Debug|Any CPU
		{33B13F46-9BDA-4C84-833A-0DC583F5BDF0}.Debug|x64.ActiveCfg = Debug|Any CPU
		{33B13F46-9BDA-4C84-833A-0DC583F5BDF0}.Debug|x64.Build.0 = Debug|Any CPU
		{33B13F46-9BDA-4C84-833A-0DC583F5BDF0}.Debug|x86.ActiveCfg = Debug|Any CPU
		{33B13F46-9BDA-4C84-833A-0DC583F5BDF0}.Debug|x86.Build.0 = Debug|Any CPU
		{33B13F46-9BDA-4C84-833A-0DC583F5BDF0}.Release|Any CPU.ActiveCfg = Release|Any CPU
		{33B13F46-9BDA-4C84-833A-0DC583F5BDF0}.Release|Any CPU.Build.0 = Release|Any CPU
		{33B13F46-9BDA-4C84-833A-0DC583F5BDF0}.Release|x64.ActiveCfg = Release|Any CPU
		{33B13F46-9BDA-4C84-833A-0DC583F5BDF0}.Release|x64.Build.0 = Release|Any CPU
		{33B13F46-9BDA-4C84-833A-0DC583F5BDF0}.Release|x86.ActiveCfg = Release|Any CPU
		{33B13F46-9BDA-4C84-833A-0DC583F5BDF0}.Release|x86.Build.0 = Release|Any CPU
		{25CB5877-D579-4320-B74D-7EEAE2F56099}.Debug|Any CPU.ActiveCfg = Debug|Any CPU
		{25CB5877-D579-4320-B74D-7EEAE2F56099}.Debug|Any CPU.Build.0 = Debug|Any CPU
		{25CB5877-D579-4320-B74D-7EEAE2F56099}.Debug|x64.ActiveCfg = Debug|Any CPU
		{25CB5877-D579-4320-B74D-7EEAE2F56099}.Debug|x64.Build.0 = Debug|Any CPU
		{25CB5877-D579-4320-B74D-7EEAE2F56099}.Debug|x86.ActiveCfg = Debug|Any CPU
		{25CB5877-D579-4320-B74D-7EEAE2F56099}.Debug|x86.Build.0 = Debug|Any CPU
		{25CB5877-D579-4320-B74D-7EEAE2F56099}.Release|Any CPU.ActiveCfg = Release|Any CPU
		{25CB5877-D579-4320-B74D-7EEAE2F56099}.Release|Any CPU.Build.0 = Release|Any CPU
		{25CB5877-D579-4320-B74D-7EEAE2F56099}.Release|x64.ActiveCfg = Release|Any CPU
		{25CB5877-D579-4320-B74D-7EEAE2F56099}.Release|x64.Build.0 = Release|Any CPU
		{25CB5877-D579-4320-B74D-7EEAE2F56099}.Release|x86.ActiveCfg = Release|Any CPU
		{25CB5877-D579-4320-B74D-7EEAE2F56099}.Release|x86.Build.0 = Release|Any CPU
		{697CF790-D6A8-4D84-B64E-B0628E68BFA8}.Debug|Any CPU.ActiveCfg = Debug|Any CPU
		{697CF790-D6A8-4D84-B64E-B0628E68BFA8}.Debug|Any CPU.Build.0 = Debug|Any CPU
		{697CF790-D6A8-4D84-B64E-B0628E68BFA8}.Debug|x64.ActiveCfg = Debug|Any CPU
		{697CF790-D6A8-4D84-B64E-B0628E68BFA8}.Debug|x64.Build.0 = Debug|Any CPU
		{697CF790-D6A8-4D84-B64E-B0628E68BFA8}.Debug|x86.ActiveCfg = Debug|Any CPU
		{697CF790-D6A8-4D84-B64E-B0628E68BFA8}.Debug|x86.Build.0 = Debug|Any CPU
		{697CF790-D6A8-4D84-B64E-B0628E68BFA8}.Release|Any CPU.ActiveCfg = Release|Any CPU
		{697CF790-D6A8-4D84-B64E-B0628E68BFA8}.Release|Any CPU.Build.0 = Release|Any CPU
		{697CF790-D6A8-4D84-B64E-B0628E68BFA8}.Release|x64.ActiveCfg = Release|Any CPU
		{697CF790-D6A8-4D84-B64E-B0628E68BFA8}.Release|x64.Build.0 = Release|Any CPU
		{697CF790-D6A8-4D84-B64E-B0628E68BFA8}.Release|x86.ActiveCfg = Release|Any CPU
		{697CF790-D6A8-4D84-B64E-B0628E68BFA8}.Release|x86.Build.0 = Release|Any CPU
		{FB1C1197-1C79-42F3-8F8A-BD42B408151C}.Debug|Any CPU.ActiveCfg = Debug|Any CPU
		{FB1C1197-1C79-42F3-8F8A-BD42B408151C}.Debug|Any CPU.Build.0 = Debug|Any CPU
		{FB1C1197-1C79-42F3-8F8A-BD42B408151C}.Debug|x64.ActiveCfg = Debug|Any CPU
		{FB1C1197-1C79-42F3-8F8A-BD42B408151C}.Debug|x64.Build.0 = Debug|Any CPU
		{FB1C1197-1C79-42F3-8F8A-BD42B408151C}.Debug|x86.ActiveCfg = Debug|Any CPU
		{FB1C1197-1C79-42F3-8F8A-BD42B408151C}.Debug|x86.Build.0 = Debug|Any CPU
		{FB1C1197-1C79-42F3-8F8A-BD42B408151C}.Release|Any CPU.ActiveCfg = Release|Any CPU
		{FB1C1197-1C79-42F3-8F8A-BD42B408151C}.Release|Any CPU.Build.0 = Release|Any CPU
		{FB1C1197-1C79-42F3-8F8A-BD42B408151C}.Release|x64.ActiveCfg = Release|Any CPU
		{FB1C1197-1C79-42F3-8F8A-BD42B408151C}.Release|x64.Build.0 = Release|Any CPU
		{FB1C1197-1C79-42F3-8F8A-BD42B408151C}.Release|x86.ActiveCfg = Release|Any CPU
		{FB1C1197-1C79-42F3-8F8A-BD42B408151C}.Release|x86.Build.0 = Release|Any CPU
		{BE36A3AD-83AC-4F57-9866-48BF2038F513}.Debug|Any CPU.ActiveCfg = Debug|Any CPU
		{BE36A3AD-83AC-4F57-9866-48BF2038F513}.Debug|Any CPU.Build.0 = Debug|Any CPU
		{BE36A3AD-83AC-4F57-9866-48BF2038F513}.Debug|x64.ActiveCfg = Debug|Any CPU
		{BE36A3AD-83AC-4F57-9866-48BF2038F513}.Debug|x64.Build.0 = Debug|Any CPU
		{BE36A3AD-83AC-4F57-9866-48BF2038F513}.Debug|x86.ActiveCfg = Debug|Any CPU
		{BE36A3AD-83AC-4F57-9866-48BF2038F513}.Debug|x86.Build.0 = Debug|Any CPU
		{BE36A3AD-83AC-4F57-9866-48BF2038F513}.Release|Any CPU.ActiveCfg = Release|Any CPU
		{BE36A3AD-83AC-4F57-9866-48BF2038F513}.Release|Any CPU.Build.0 = Release|Any CPU
		{BE36A3AD-83AC-4F57-9866-48BF2038F513}.Release|x64.ActiveCfg = Release|Any CPU
		{BE36A3AD-83AC-4F57-9866-48BF2038F513}.Release|x64.Build.0 = Release|Any CPU
		{BE36A3AD-83AC-4F57-9866-48BF2038F513}.Release|x86.ActiveCfg = Release|Any CPU
		{BE36A3AD-83AC-4F57-9866-48BF2038F513}.Release|x86.Build.0 = Release|Any CPU
		{F4C69521-46DF-4440-848E-7326B8DC402F}.Debug|Any CPU.ActiveCfg = Debug|Any CPU
		{F4C69521-46DF-4440-848E-7326B8DC402F}.Debug|Any CPU.Build.0 = Debug|Any CPU
		{F4C69521-46DF-4440-848E-7326B8DC402F}.Debug|x64.ActiveCfg = Debug|Any CPU
		{F4C69521-46DF-4440-848E-7326B8DC402F}.Debug|x64.Build.0 = Debug|Any CPU
		{F4C69521-46DF-4440-848E-7326B8DC402F}.Debug|x86.ActiveCfg = Debug|Any CPU
		{F4C69521-46DF-4440-848E-7326B8DC402F}.Debug|x86.Build.0 = Debug|Any CPU
		{F4C69521-46DF-4440-848E-7326B8DC402F}.Release|Any CPU.ActiveCfg = Release|Any CPU
		{F4C69521-46DF-4440-848E-7326B8DC402F}.Release|Any CPU.Build.0 = Release|Any CPU
		{F4C69521-46DF-4440-848E-7326B8DC402F}.Release|x64.ActiveCfg = Release|Any CPU
		{F4C69521-46DF-4440-848E-7326B8DC402F}.Release|x64.Build.0 = Release|Any CPU
		{F4C69521-46DF-4440-848E-7326B8DC402F}.Release|x86.ActiveCfg = Release|Any CPU
		{F4C69521-46DF-4440-848E-7326B8DC402F}.Release|x86.Build.0 = Release|Any CPU
		{1BE0BF64-F91B-4FFD-AEDF-6101AF1EA7D6}.Debug|Any CPU.ActiveCfg = Debug|Any CPU
		{1BE0BF64-F91B-4FFD-AEDF-6101AF1EA7D6}.Debug|Any CPU.Build.0 = Debug|Any CPU
		{1BE0BF64-F91B-4FFD-AEDF-6101AF1EA7D6}.Debug|x64.ActiveCfg = Debug|Any CPU
		{1BE0BF64-F91B-4FFD-AEDF-6101AF1EA7D6}.Debug|x64.Build.0 = Debug|Any CPU
		{1BE0BF64-F91B-4FFD-AEDF-6101AF1EA7D6}.Debug|x86.ActiveCfg = Debug|Any CPU
		{1BE0BF64-F91B-4FFD-AEDF-6101AF1EA7D6}.Debug|x86.Build.0 = Debug|Any CPU
		{1BE0BF64-F91B-4FFD-AEDF-6101AF1EA7D6}.Release|Any CPU.ActiveCfg = Release|Any CPU
		{1BE0BF64-F91B-4FFD-AEDF-6101AF1EA7D6}.Release|Any CPU.Build.0 = Release|Any CPU
		{1BE0BF64-F91B-4FFD-AEDF-6101AF1EA7D6}.Release|x64.ActiveCfg = Release|Any CPU
		{1BE0BF64-F91B-4FFD-AEDF-6101AF1EA7D6}.Release|x64.Build.0 = Release|Any CPU
		{1BE0BF64-F91B-4FFD-AEDF-6101AF1EA7D6}.Release|x86.ActiveCfg = Release|Any CPU
		{1BE0BF64-F91B-4FFD-AEDF-6101AF1EA7D6}.Release|x86.Build.0 = Release|Any CPU
	EndGlobalSection
EndGlobal
